
Microsoft Visual Studio Solution File, Format Version 12.00
# Visual Studio Version 16
VisualStudioVersion = 16.0.29613.14
MinimumVisualStudioVersion = 10.0.40219.1
Project("{FAE04EC0-301F-11D3-BF4B-00C04F79EFBC}") = "SchoolsLanguage", "SchoolsLanguage\SchoolsLanguage.csproj", "{B25F0FA1-826B-4EBD-87CC-0E49D46433A0}"
EndProject
Global
	GlobalSection(SolutionConfigurationPlatforms) = preSolution
		Debug|Any CPU = Debug|Any CPU
		Release|Any CPU = Release|Any CPU
	EndGlobalSection
	GlobalSection(ProjectConfigurationPlatforms) = postSolution
		{B25F0FA1-826B-4EBD-87CC-0E49D46433A0}.Debug|Any CPU.ActiveCfg = Debug|Any CPU
		{B25F0FA1-826B-4EBD-87CC-0E49D46433A0}.Debug|Any CPU.Build.0 = Debug|Any CPU
		{B25F0FA1-826B-4EBD-87CC-0E49D46433A0}.Release|Any CPU.ActiveCfg = Release|Any CPU
		{B25F0FA1-826B-4EBD-87CC-0E49D46433A0}.Release|Any CPU.Build.0 = Release|Any CPU
	EndGlobalSection
	GlobalSection(SolutionProperties) = preSolution
		HideSolutionNode = FALSE
	EndGlobalSection
	GlobalSection(ExtensibilityGlobals) = postSolution
		SolutionGuid = {E6C229F2-4D2F-46B1-8DA1-C12EB7C64C72}
	EndGlobalSection
EndGlobal
